
Microsoft Visual Studio Solution File, Format Version 12.00
# Visual Studio Version 16
VisualStudioVersion = 16.0.31112.23
MinimumVisualStudioVersion = 10.0.40219.1
Project("{FAE04EC0-301F-11D3-BF4B-00C04F79EFBC}") = "SeleniumTests", "SeleniumTests\SeleniumTests.csproj", "{5CD94A55-58C6-4CEA-AAB1-1E6AA3D6F98A}"
EndProject
Global
	GlobalSection(SolutionConfigurationPlatforms) = preSolution
		Debug|Any CPU = Debug|Any CPU
		Release|Any CPU = Release|Any CPU
	EndGlobalSection
	GlobalSection(ProjectConfigurationPlatforms) = postSolution
		{5CD94A55-58C6-4CEA-AAB1-1E6AA3D6F98A}.Debug|Any CPU.ActiveCfg = Debug|Any CPU
		{5CD94A55-58C6-4CEA-AAB1-1E6AA3D6F98A}.Debug|Any CPU.Build.0 = Debug|Any CPU
		{5CD94A55-58C6-4CEA-AAB1-1E6AA3D6F98A}.Release|Any CPU.ActiveCfg = Release|Any CPU
		{5CD94A55-58C6-4CEA-AAB1-1E6AA3D6F98A}.Release|Any CPU.Build.0 = Release|Any CPU
	EndGlobalSection
	GlobalSection(SolutionProperties) = preSolution
		HideSolutionNode = FALSE
	EndGlobalSection
	GlobalSection(ExtensibilityGlobals) = postSolution
		SolutionGuid = {F914BA68-4D92-4B65-BA97-3202CD197A66}
	EndGlobalSection
EndGlobal
